// !$*UTF8*$!
{
	archiveVersion = 1;
	classes = {
	};
	objectVersion = 50;
	objects = {

/* Begin PBXBuildFile section */
		21CFC255261EF737005C5D2F /* AppDelegate.swift in Sources */ = {isa = PBXBuildFile; fileRef = 21CFC254261EF737005C5D2F /* AppDelegate.swift */; };
		21CFC257261EF737005C5D2F /* SceneDelegate.swift in Sources */ = {isa = PBXBuildFile; fileRef = 21CFC256261EF737005C5D2F /* SceneDelegate.swift */; };
		21CFC259261EF737005C5D2F /* ViewController.swift in Sources */ = {isa = PBXBuildFile; fileRef = 21CFC258261EF737005C5D2F /* ViewController.swift */; };
		21CFC25C261EF737005C5D2F /* Main.storyboard in Resources */ = {isa = PBXBuildFile; fileRef = 21CFC25A261EF737005C5D2F /* Main.storyboard */; };
		21CFC25E261EF739005C5D2F /* Assets.xcassets in Resources */ = {isa = PBXBuildFile; fileRef = 21CFC25D261EF739005C5D2F /* Assets.xcassets */; };
		21CFC261261EF739005C5D2F /* LaunchScreen.storyboard in Resources */ = {isa = PBXBuildFile; fileRef = 21CFC25F261EF739005C5D2F /* LaunchScreen.storyboard */; };
		21CFC278261EFAF0005C5D2F /* img2.png in Resources */ = {isa = PBXBuildFile; fileRef = 21CFC275261EFAEF005C5D2F /* img2.png */; };
		21CFC279261EFAF0005C5D2F /* img3.png in Resources */ = {isa = PBXBuildFile; fileRef = 21CFC276261EFAEF005C5D2F /* img3.png */; };
		21CFC27A261EFAF0005C5D2F /* img1.png in Resources */ = {isa = PBXBuildFile; fileRef = 21CFC277261EFAF0005C5D2F /* img1.png */; };
/* End PBXBuildFile section */

/* Begin PBXFileReference section */
		21CFC251261EF737005C5D2F /* ChangeImage.app */ = {isa = PBXFileReference; explicitFileType = wrapper.application; includeInIndex = 0; path = ChangeImage.app; sourceTree = BUILT_PRODUCTS_DIR; };
		21CFC254261EF737005C5D2F /* AppDelegate.swift */ = {isa = PBXFileReference; lastKnownFileType = sourcecode.swift; path = AppDelegate.swift; sourceTree = "<group>"; };
		21CFC256261EF737005C5D2F /* SceneDelegate.swift */ = {isa = PBXFileReference; lastKnownFileType = sourcecode.swift; path = SceneDelegate.swift; sourceTree = "<group>"; };
		21CFC258261EF737005C5D2F /* ViewController.swift */ = {isa = PBXFileReference; lastKnownFileType = sourcecode.swift; path = ViewController.swift; sourceTree = "<group>"; };
		21CFC25B261EF737005C5D2F /* Base */ = {isa = PBXFileReference; lastKnownFileType = file.storyboard; name = Base; path = Base.lproj/Main.storyboard; sourceTree = "<group>"; };
		21CFC25D261EF739005C5D2F /* Assets.xcassets */ = {isa = PBXFileReference; lastKnownFileType = folder.assetcatalog; path = Assets.xcassets; sourceTree = "<group>"; };
		21CFC260261EF739005C5D2F /* Base */ = {isa = PBXFileReference; lastKnownFileType = file.storyboard; name = Base; path = Base.lproj/LaunchScreen.storyboard; sourceTree = "<group>"; };
		21CFC262261EF739005C5D2F /* Info.plist */ = {isa = PBXFileReference; lastKnownFileType = text.plist.xml; path = Info.plist; sourceTree = "<group>"; };
		21CFC275261EFAEF005C5D2F /* img2.png */ = {isa = PBXFileReference; lastKnownFileType = image.png; path = img2.png; sourceTree = "<group>"; };
		21CFC276261EFAEF005C5D2F /* img3.png */ = {isa = PBXFileReference; lastKnownFileType = image.png; path = img3.png; sourceTree = "<group>"; };
		21CFC277261EFAF0005C5D2F /* img1.png */ = {isa = PBXFileReference; lastKnownFileType = image.png; path = img1.png; sourceTree = "<group>"; };
/* End PBXFileReference section */

/* Begin PBXFrameworksBuildPhase section */
		21CFC24E261EF737005C5D2F /* Frameworks */ = {
			isa = PBXFrameworksBuildPhase;
			buildActionMask = 2147483647;
			files = (
			);
			runOnlyForDeploymentPostprocessing = 0;
		};
/* End PBXFrameworksBuildPhase section */

/* Begin PBXGroup section */
		21CFC248261EF737005C5D2F = {
			isa = PBXGroup;
			children = (
				21CFC253261EF737005C5D2F /* ChangeImage */,
				21CFC252261EF737005C5D2F /* Products */,
			);
			sourceTree = "<group>";
		};
		21CFC252261EF737005C5D2F /* Products */ = {
			isa = PBXGroup;
			children = (
				21CFC251261EF737005C5D2F /* ChangeImage.app */,
			);
			name = Products;
			sourceTree = "<group>";
		};
		21CFC253261EF737005C5D2F /* ChangeImage */ = {
			isa = PBXGroup;
			children = (
				21CFC274261EFADC005C5D2F /* images */,
				21CFC254261EF737005C5D2F /* AppDelegate.swift */,
				21CFC256261EF737005C5D2F /* SceneDelegate.swift */,
				21CFC258261EF737005C5D2F /* ViewController.swift */,
				21CFC25A261EF737005C5D2F /* Main.storyboard */,
				21CFC25D261EF739005C5D2F /* Assets.xcassets */,
				21CFC25F261EF739005C5D2F /* LaunchScreen.storyboard */,
				21CFC262261EF739005C5D2F /* Info.plist */,
			);
			path = ChangeImage;
			sourceTree = "<group>";
		};
		21CFC274261EFADC005C5D2F /* images */ = {
			isa = PBXGroup;
			children = (
				21CFC277261EFAF0005C5D2F /* img1.png */,
				21CFC275261EFAEF005C5D2F /* img2.png */,
				21CFC276261EFAEF005C5D2F /* img3.png */,
			);
			path = images;
			sourceTree = "<group>";
		};
/* End PBXGroup section */

/* Begin PBXNativeTarget section */
		21CFC250261EF737005C5D2F /* ChangeImage */ = {
			isa = PBXNativeTarget;
			buildConfigurationList = 21CFC265261EF739005C5D2F /* Build configuration list for PBXNativeTarget "ChangeImage" */;
			buildPhases = (
				21CFC24D261EF737005C5D2F /* Sources */,
				21CFC24E261EF737005C5D2F /* Frameworks */,
				21CFC24F261EF737005C5D2F /* Resources */,
			);
			buildRules = (
			);
			dependencies = (
			);
			name = ChangeImage;
			productName = ChangeImage;
			productReference = 21CFC251261EF737005C5D2F /* ChangeImage.app */;
			productType = "com.apple.product-type.application";
		};
/* End PBXNativeTarget section */

/* Begin PBXProject section */
		21CFC249261EF737005C5D2F /* Project object */ = {
			isa = PBXProject;
			attributes = {
				LastSwiftUpdateCheck = 1240;
				LastUpgradeCheck = 1240;
				TargetAttributes = {
					21CFC250261EF737005C5D2F = {
						CreatedOnToolsVersion = 12.4;
					};
				};
			};
			buildConfigurationList = 21CFC24C261EF737005C5D2F /* Build configuration list for PBXProject "ChangeImage" */;
			compatibilityVersion = "Xcode 9.3";
			developmentRegion = en;
			hasScannedForEncodings = 0;
			knownRegions = (
				en,
				Base,
			);
			mainGroup = 21CFC248261EF737005C5D2F;
			productRefGroup = 21CFC252261EF737005C5D2F /* Products */;
			projectDirPath = "";
			projectRoot = "";
			targets = (
				21CFC250261EF737005C5D2F /* ChangeImage */,
			);
		};
/* End PBXProject section */

/* Begin PBXResourcesBuildPhase section */
		21CFC24F261EF737005C5D2F /* Resources */ = {
			isa = PBXResourcesBuildPhase;
			buildActionMask = 2147483647;
			files = (
				21CFC261261EF739005C5D2F /* LaunchScreen.storyboard in Resources */,
				21CFC279261EFAF0005C5D2F /* img3.png in Resources */,
				21CFC25E261EF739005C5D2F /* Assets.xcassets in Resources */,
				21CFC278261EFAF0005C5D2F /* img2.png in Resources */,
				21CFC25C261EF737005C5D2F /* Main.storyboard in Resources */,
				21CFC27A261EFAF0005C5D2F /* img1.png in Resources */,
			);
			runOnlyForDeploymentPostprocessing = 0;
		};
/* End PBXResourcesBuildPhase section */

/* Begin PBXSourcesBuildPhase section */
		21CFC24D261EF737005C5D2F /* Sources */ = {
			isa = PBXSourcesBuildPhase;
			buildActionMask = 2147483647;
			files = (
				21CFC259261EF737005C5D2F /* ViewController.swift in Sources */,
				21CFC255261EF737005C5D2F /* AppDelegate.swift in Sources */,
				21CFC257261EF737005C5D2F /* SceneDelegate.swift in Sources */,
			);
			runOnlyForDeploymentPostprocessing = 0;
		};
/* End PBXSourcesBuildPhase section */

/* Begin PBXVariantGroup section */
		21CFC25A261EF737005C5D2F /* Main.storyboard */ = {
			isa = PBXVariantGroup;
			children = (
				21CFC25B261EF737005C5D2F /* Base */,
			);
			name = Main.storyboard;
			sourceTree = "<group>";
		};
		21CFC25F261EF739005C5D2F /* LaunchScreen.storyboard */ = {
			isa = PBXVariantGroup;
			children = (
				21CFC260261EF739005C5D2F /* Base */,
			);
			name = LaunchScreen.storyboard;
			sourceTree = "<group>";
		};
/* End PBXVariantGroup section */

/* Begin XCBuildConfiguration section */
		21CFC263261EF739005C5D2F /* Debug */ = {
			isa = XCBuildConfiguration;
			buildSettings = {
				ALWAYS_SEARCH_USER_PATHS = NO;
				CLANG_ANALYZER_NONNULL = YES;
				CLANG_ANALYZER_NUMBER_OBJECT_CONVERSION = YES_AGGRESSIVE;
				CLANG_CXX_LANGUAGE_STANDARD = "gnu++14";
				CLANG_CXX_LIBRARY = "libc++";
				CLANG_ENABLE_MODULES = YES;
				CLANG_ENABLE_OBJC_ARC = YES;
				CLANG_ENABLE_OBJC_WEAK = YES;
				CLANG_WARN_BLOCK_CAPTURE_AUTORELEASING = YES;
				CLANG_WARN_BOOL_CONVERSION = YES;
				CLANG_WARN_COMMA = YES;
				CLANG_WARN_CONSTANT_CONVERSION = YES;
				CLANG_WARN_DEPRECATED_OBJC_IMPLEMENTATIONS = YES;
				CLANG_WARN_DIRECT_OBJC_ISA_USAGE = YES_ERROR;
				CLANG_WARN_DOCUMENTATION_COMMENTS = YES;
				CLANG_WARN_EMPTY_BODY = YES;
				CLANG_WARN_ENUM_CONVERSION = YES;
				CLANG_WARN_INFINITE_RECURSION = YES;
				CLANG_WARN_INT_CONVERSION = YES;
				CLANG_WARN_NON_LITERAL_NULL_CONVERSION = YES;
				CLANG_WARN_OBJC_IMPLICIT_RETAIN_SELF = YES;
				CLANG_WARN_OBJC_LITERAL_CONVERSION = YES;
				CLANG_WARN_OBJC_ROOT_CLASS = YES_ERROR;
				CLANG_WARN_QUOTED_INCLUDE_IN_FRAMEWORK_HEADER = YES;
				CLANG_WARN_RANGE_LOOP_ANALYSIS = YES;
				CLANG_WARN_STRICT_PROTOTYPES = YES;
				CLANG_WARN_SUSPICIOUS_MOVE = YES;
				CLANG_WARN_UNGUARDED_AVAILABILITY = YES_AGGRESSIVE;
				CLANG_WARN_UNREACHABLE_CODE = YES;
				CLANG_WARN__DUPLICATE_METHOD_MATCH = YES;
				COPY_PHASE_STRIP = NO;
				DEBUG_INFORMATION_FORMAT = dwarf;
				ENABLE_STRICT_OBJC_MSGSEND = YES;
				ENABLE_TESTABILITY = YES;
				GCC_C_LANGUAGE_STANDARD = gnu11;
				GCC_DYNAMIC_NO_PIC = NO;
				GCC_NO_COMMON_BLOCKS = YES;
				GCC_OPTIMIZATION_LEVEL = 0;
				GCC_PREPROCESSOR_DEFINITIONS = (
					"DEBUG=1",
					"$(inherited)",
				);
				GCC_WARN_64_TO_32_BIT_CONVERSION = YES;
				GCC_WARN_ABOUT_RETURN_TYPE = YES_ERROR;
				GCC_WARN_UNDECLARED_SELECTOR = YES;
				GCC_WARN_UNINITIALIZED_AUTOS = YES_AGGRESSIVE;
				GCC_WARN_UNUSED_FUNCTION = YES;
				GCC_WARN_UNUSED_VARIABLE = YES;
				IPHONEOS_DEPLOYMENT_TARGET = 14.4;
				MTL_ENABLE_DEBUG_INFO = INCLUDE_SOURCE;
				MTL_FAST_MATH = YES;
				ONLY_ACTIVE_ARCH = YES;
				SDKROOT = iphoneos;
				SWIFT_ACTIVE_COMPILATION_CONDITIONS = DEBUG;
				SWIFT_OPTIMIZATION_LEVEL = "-Onone";
			};
			name = Debug;
		};
		21CFC264261EF739005C5D2F /* Release */ = {
			isa = XCBuildConfiguration;
			buildSettings = {
				ALWAYS_SEARCH_USER_PATHS = NO;
				CLANG_ANALYZER_NONNULL = YES;
				CLANG_ANALYZER_NUMBER_OBJECT_CONVERSION = YES_AGGRESSIVE;
				CLANG_CXX_LANGUAGE_STANDARD = "gnu++14";
				CLANG_CXX_LIBRARY = "libc++";
				CLANG_ENABLE_MODULES = YES;
				CLANG_ENABLE_OBJC_ARC = YES;
				CLANG_ENABLE_OBJC_WEAK = YES;
				CLANG_WARN_BLOCK_CAPTURE_AUTORELEASING = YES;
				CLANG_WARN_BOOL_CONVERSION = YES;
				CLANG_WARN_COMMA = YES;
				CLANG_WARN_CONSTANT_CONVERSION = YES;
				CLANG_WARN_DEPRECATED_OBJC_IMPLEMENTATIONS = YES;
				CLANG_WARN_DIRECT_OBJC_ISA_USAGE = YES_ERROR;
				CLANG_WARN_DOCUMENTATION_COMMENTS = YES;
				CLANG_WARN_EMPTY_BODY = YES;
				CLANG_WARN_ENUM_CONVERSION = YES;
				CLANG_WARN_INFINITE_RECURSION = YES;
				CLANG_WARN_INT_CONVERSION = YES;
				CLANG_WARN_NON_LITERAL_NULL_CONVERSION = YES;
				CLANG_WARN_OBJC_IMPLICIT_RETAIN_SELF = YES;
				CLANG_WARN_OBJC_LITERAL_CONVERSION = YES;
				CLANG_WARN_OBJC_ROOT_CLASS = YES_ERROR;
				CLANG_WARN_QUOTED_INCLUDE_IN_FRAMEWORK_HEADER = YES;
				CLANG_WARN_RANGE_LOOP_ANALYSIS = YES;
				CLANG_WARN_STRICT_PROTOTYPES = YES;
				CLANG_WARN_SUSPICIOUS_MOVE = YES;
				CLANG_WARN_UNGUARDED_AVAILABILITY = YES_AGGRESSIVE;
				CLANG_WARN_UNREACHABLE_CODE = YES;
				CLANG_WARN__DUPLICATE_METHOD_MATCH = YES;
				COPY_PHASE_STRIP = NO;
				DEBUG_INFORMATION_FORMAT = "dwarf-with-dsym";
				ENABLE_NS_ASSERTIONS = NO;
				ENABLE_STRICT_OBJC_MSGSEND = YES;
				GCC_C_LANGUAGE_STANDARD = gnu11;
				GCC_NO_COMMON_BLOCKS = YES;
				GCC_WARN_64_TO_32_BIT_CONVERSION = YES;
				GCC_WARN_ABOUT_RETURN_TYPE = YES_ERROR;
				GCC_WARN_UNDECLARED_SELECTOR = YES;
				GCC_WARN_UNINITIALIZED_AUTOS = YES_AGGRESSIVE;
				GCC_WARN_UNUSED_FUNCTION = YES;
				GCC_WARN_UNUSED_VARIABLE = YES;
				IPHONEOS_DEPLOYMENT_TARGET = 14.4;
				MTL_ENABLE_DEBUG_INFO = NO;
				MTL_FAST_MATH = YES;
				SDKROOT = iphoneos;
				SWIFT_COMPILATION_MODE = wholemodule;
				SWIFT_OPTIMIZATION_LEVEL = "-O";
				VALIDATE_PRODUCT = YES;
			};
			name = Release;
		};
		21CFC266261EF739005C5D2F /* Debug */ = {
			isa = XCBuildConfiguration;
			buildSettings = {
				ASSETCATALOG_COMPILER_APPICON_NAME = AppIcon;
				ASSETCATALOG_COMPILER_GLOBAL_ACCENT_COLOR_NAME = AccentColor;
				CODE_SIGN_STYLE = Automatic;
				DEVELOPMENT_TEAM = 9Q8CYF4ZRY;
				INFOPLIST_FILE = ChangeImage/Info.plist;
				LD_RUNPATH_SEARCH_PATHS = (
					"$(inherited)",
					"@executable_path/Frameworks",
				);
				PRODUCT_BUNDLE_IDENTIFIER = com.swiftlec.ChangeImage;
				PRODUCT_NAME = "$(TARGET_NAME)";
				SWIFT_VERSION = 5.0;
				TARGETED_DEVICE_FAMILY = "1,2";
			};
			name = Debug;
		};
		21CFC267261EF739005C5D2F /* Release */ = {
			isa = XCBuildConfiguration;
			buildSettings = {
				ASSETCATALOG_COMPILER_APPICON_NAME = AppIcon;
				ASSETCATALOG_COMPILER_GLOBAL_ACCENT_COLOR_NAME = AccentColor;
				CODE_SIGN_STYLE = Automatic;
				DEVELOPMENT_TEAM = 9Q8CYF4ZRY;
				INFOPLIST_FILE = ChangeImage/Info.plist;
				LD_RUNPATH_SEARCH_PATHS = (
					"$(inherited)",
					"@executable_path/Frameworks",
				);
				PRODUCT_BUNDLE_IDENTIFIER = com.swiftlec.ChangeImage;
				PRODUCT_NAME = "$(TARGET_NAME)";
				SWIFT_VERSION = 5.0;
				TARGETED_DEVICE_FAMILY = "1,2";
			};
			name = Release;
		};
/* End XCBuildConfiguration section */

/* Begin XCConfigurationList section */
		21CFC24C261EF737005C5D2F /* Build configuration list for PBXProject "ChangeImage" */ = {
			isa = XCConfigurationList;
			buildConfigurations = (
				21CFC263261EF739005C5D2F /* Debug */,
				21CFC264261EF739005C5D2F /* Release */,
			);
			defaultConfigurationIsVisible = 0;
			defaultConfigurationName = Release;
		};
		21CFC265261EF739005C5D2F /* Build configuration list for PBXNativeTarget "ChangeImage" */ = {
			isa = XCConfigurationList;
			buildConfigurations = (
				21CFC266261EF739005C5D2F /* Debug */,
				21CFC267261EF739005C5D2F /* Release */,
			);
			defaultConfigurationIsVisible = 0;
			defaultConfigurationName = Release;
		};
/* End XCConfigurationList section */
	};
	rootObject = 21CFC249261EF737005C5D2F /* Project object */;
}
